
Microsoft Visual Studio Solution File, Format Version 12.00
# Visual Studio Version 17
VisualStudioVersion = 17.5.002.0
MinimumVisualStudioVersion = 10.0.40219.1
Project("{9A19103F-16F7-4668-BE54-9A1E7A4F7556}") = "Registration_demo", "Registration_demo\Registration_demo.csproj", "{AF5144FB-71E7-4497-9199-3F56A93559AE}"
EndProject
Global
	GlobalSection(SolutionConfigurationPlatforms) = preSolution
		Debug|Any CPU = Debug|Any CPU
		Release|Any CPU = Release|Any CPU
	EndGlobalSection
	GlobalSection(ProjectConfigurationPlatforms) = postSolution
		{AF5144FB-71E7-4497-9199-3F56A93559AE}.Debug|Any CPU.ActiveCfg = Debug|Any CPU
		{AF5144FB-71E7-4497-9199-3F56A93559AE}.Debug|Any CPU.Build.0 = Debug|Any CPU
		{AF5144FB-71E7-4497-9199-3F56A93559AE}.Release|Any CPU.ActiveCfg = Release|Any CPU
		{AF5144FB-71E7-4497-9199-3F56A93559AE}.Release|Any CPU.Build.0 = Release|Any CPU
	EndGlobalSection
	GlobalSection(SolutionProperties) = preSolution
		HideSolutionNode = FALSE
	EndGlobalSection
	GlobalSection(ExtensibilityGlobals) = postSolution
		SolutionGuid = {6B58B45F-0627-4BAA-B0A4-87371334A5D5}
	EndGlobalSection
EndGlobal
