
Microsoft Visual Studio Solution File, Format Version 12.00
# Visual Studio Version 17
VisualStudioVersion = 17.5.002.0
MinimumVisualStudioVersion = 10.0.40219.1
Project("{9A19103F-16F7-4668-BE54-9A1E7A4F7556}") = "Registration_demo", "Registration_demo.csproj", "{498A576E-1047-48E1-BF75-81D44BE7BAF9}"
EndProject
Global
	GlobalSection(SolutionConfigurationPlatforms) = preSolution
		Debug|Any CPU = Debug|Any CPU
		Release|Any CPU = Release|Any CPU
	EndGlobalSection
	GlobalSection(ProjectConfigurationPlatforms) = postSolution
		{498A576E-1047-48E1-BF75-81D44BE7BAF9}.Debug|Any CPU.ActiveCfg = Debug|Any CPU
		{498A576E-1047-48E1-BF75-81D44BE7BAF9}.Debug|Any CPU.Build.0 = Debug|Any CPU
		{498A576E-1047-48E1-BF75-81D44BE7BAF9}.Release|Any CPU.ActiveCfg = Release|Any CPU
		{498A576E-1047-48E1-BF75-81D44BE7BAF9}.Release|Any CPU.Build.0 = Release|Any CPU
	EndGlobalSection
	GlobalSection(SolutionProperties) = preSolution
		HideSolutionNode = FALSE
	EndGlobalSection
	GlobalSection(ExtensibilityGlobals) = postSolution
		SolutionGuid = {EAA2A420-E411-4776-9AE7-630C81ECAC61}
	EndGlobalSection
EndGlobal
